<?xml version="1.0" encoding="UTF-8"?>
<Scheme
   LastUpgradeVersion = "0830"
   version = "1.3">
   <BuildAction
      parallelizeBuildables = "YES"
      buildImplicitDependencies = "YES">
      <BuildActionEntries>
         <BuildActionEntry
            buildForTesting = "YES"
            buildForRunning = "YES"
            buildForProfiling = "YES"
            buildForArchiving = "YES"
            buildForAnalyzing = "YES">
            <BuildableReference
               BuildableIdentifier = "primary"
               BlueprintIdentifier = "63E5E428203B2F0800C4F8B6"
               BuildableName = "libcore.a"
               BlueprintName = "core"
               ReferencedContainer = "container:core.xcodeproj">
            </BuildableReference>
         </BuildActionEntry>
         <BuildActionEntry
            buildForTesting = "YES"
            buildForRunning = "YES"
            buildForProfiling = "YES"
            buildForArchiving = "YES"
            buildForAnalyzing = "YES">
            <BuildableReference
               BuildableIdentifier = "primary"
               BlueprintIdentifier = "6321A7B7203B71E200A0764F"
               BuildableName = "libarea.dylib"
               BlueprintName = "area"
               ReferencedContainer = "container:../area/area.xcodeproj">
            </BuildableReference>
         </BuildActionEntry>
         <BuildActionEntry
            buildForTesting = "YES"
            buildForRunning = "YES"
            buildForProfiling = "YES"
            buildForArchiving = "YES"
            buildForAnalyzing = "YES">
            <BuildableReference
               BuildableIdentifier = "primary"
               BlueprintIdentifier = "6321A7B7203B71E200A0764F"
               BuildableName = "libbestcandidate.dylib"
               BlueprintName = "bestcandidate"
               ReferencedContainer = "container:../bestcandidate/bestcandidate.xcodeproj">
            </BuildableReference>
         </BuildActionEntry>
         <BuildActionEntry
            buildForTesting = "YES"
            buildForRunning = "YES"
            buildForProfiling = "YES"
            buildForArchiving = "YES"
            buildForAnalyzing = "YES">
            <BuildableReference
               BuildableIdentifier = "primary"
               BlueprintIdentifier = "6321A7B7203B71E200A0764F"
               BuildableName = "libbidirectional.dylib"
               BlueprintName = "bidirectional"
               ReferencedContainer = "container:../bidirectional/bidirectional.xcodeproj">
            </BuildableReference>
         </BuildActionEntry>
         <BuildActionEntry
            buildForTesting = "YES"
            buildForRunning = "YES"
            buildForProfiling = "YES"
            buildForArchiving = "YES"
            buildForAnalyzing = "YES">
            <BuildableReference
               BuildableIdentifier = "primary"
               BlueprintIdentifier = "6321A7B7203B71E200A0764F"
               BuildableName = "libbilerp.dylib"
               BlueprintName = "bilerp"
               ReferencedContainer = "container:../bilerp/bilerp.xcodeproj">
            </BuildableReference>
         </BuildActionEntry>
         <BuildActionEntry
            buildForTesting = "YES"
            buildForRunning = "YES"
            buildForProfiling = "YES"
            buildForArchiving = "YES"
            buildForAnalyzing = "YES">
            <BuildableReference
               BuildableIdentifier = "primary"
               BlueprintIdentifier = "6321A7B7203B71E200A0764F"
               BuildableName = "libbluepaint.dylib"
               BlueprintName = "bluepaint"
               ReferencedContainer = "container:../bluepaint/bluepaint.xcodeproj">
            </BuildableReference>
         </BuildActionEntry>
         <BuildActionEntry
            buildForTesting = "YES"
            buildForRunning = "YES"
            buildForProfiling = "YES"
            buildForArchiving = "YES"
            buildForAnalyzing = "YES">
            <BuildableReference
               BuildableIdentifier = "primary"
               BlueprintIdentifier = "6321A7B7203B71E200A0764F"
               BuildableName = "libbox.dylib"
               BlueprintName = "box"
               ReferencedContainer = "container:../box/box.xcodeproj">
            </BuildableReference>
         </BuildActionEntry>
         <BuildActionEntry
            buildForTesting = "YES"
            buildForRunning = "YES"
            buildForProfiling = "YES"
            buildForArchiving = "YES"
            buildForAnalyzing = "YES">
            <BuildableReference
               BuildableIdentifier = "primary"
               BlueprintIdentifier = "6321A7B7203B71E200A0764F"
               BuildableName = "libbrushedmetal.dylib"
               BlueprintName = "brushedmetal"
               ReferencedContainer = "container:../brushedmetal/brushedmetal.xcodeproj">
            </BuildableReference>
         </BuildActionEntry>
         <BuildActionEntry
            buildForTesting = "YES"
            buildForRunning = "YES"
            buildForProfiling = "YES"
            buildForArchiving = "YES"
            buildForAnalyzing = "YES">
            <BuildableReference
               BuildableIdentifier = "primary"
               BlueprintIdentifier = "6321A7B7203B71E200A0764F"
               BuildableName = "libcheckerboard.dylib"
               BlueprintName = "checkerboard"
               ReferencedContainer = "container:../checkerboard/checkerboard.xcodeproj">
            </BuildableReference>
         </BuildActionEntry>
         <BuildActionEntry
            buildForTesting = "YES"
            buildForRunning = "YES"
            buildForProfiling = "YES"
            buildForArchiving = "YES"
            buildForAnalyzing = "YES">
            <BuildableReference
               BuildableIdentifier = "primary"
               BlueprintIdentifier = "6321A7B7203B71E200A0764F"
               BuildableName = "libclay.dylib"
               BlueprintName = "clay"
               ReferencedContainer = "container:../clay/clay.xcodeproj">
            </BuildableReference>
         </BuildActionEntry>
         <BuildActionEntry
            buildForTesting = "YES"
            buildForRunning = "YES"
            buildForProfiling = "YES"
            buildForArchiving = "YES"
            buildForAnalyzing = "YES">
            <BuildableReference
               BuildableIdentifier = "primary"
               BlueprintIdentifier = "6321A7B7203B71E200A0764F"
               BuildableName = "libcone.dylib"
               BlueprintName = "cone"
               ReferencedContainer = "container:../cone/cone.xcodeproj">
            </BuildableReference>
         </BuildActionEntry>
         <BuildActionEntry
            buildForTesting = "YES"
            buildForRunning = "YES"
            buildForProfiling = "YES"
            buildForArchiving = "YES"
            buildForAnalyzing = "YES">
            <BuildableReference
               BuildableIdentifier = "primary"
               BlueprintIdentifier = "6321A7B7203B71E200A0764F"
               BuildableName = "libconstant.dylib"
               BlueprintName = "constant"
               ReferencedContainer = "container:../constant/constant.xcodeproj">
            </BuildableReference>
         </BuildActionEntry>
         <BuildActionEntry
            buildForTesting = "YES"
            buildForRunning = "YES"
            buildForProfiling = "YES"
            buildForArchiving = "YES"
            buildForAnalyzing = "YES">
            <BuildableReference
               BuildableIdentifier = "primary"
               BlueprintIdentifier = "6321A7B7203B71E200A0764F"
               BuildableName = "libcontrast.dylib"
               BlueprintName = "contrast"
               ReferencedContainer = "container:../contrast/contrast.xcodeproj">
            </BuildableReference>
         </BuildActionEntry>
         <BuildActionEntry
            buildForTesting = "YES"
            buildForRunning = "YES"
            buildForProfiling = "YES"
            buildForArchiving = "YES"
            buildForAnalyzing = "YES">
            <BuildableReference
               BuildableIdentifier = "primary"
               BlueprintIdentifier = "6321A7B7203B71E200A0764F"
               BuildableName = "libcylinder.dylib"
               BlueprintName = "cylinder"
               ReferencedContainer = "container:../cylinder/cylinder.xcodeproj">
            </BuildableReference>
         </BuildActionEntry>
         <BuildActionEntry
            buildForTesting = "YES"
            buildForRunning = "YES"
            buildForProfiling = "YES"
            buildForArchiving = "YES"
            buildForAnalyzing = "YES">
            <BuildableReference
               BuildableIdentifier = "primary"
               BlueprintIdentifier = "6321A7B7203B71E200A0764F"
               BuildableName = "libdebug.dylib"
               BlueprintName = "debug"
               ReferencedContainer = "container:../debug/debug.xcodeproj">
            </BuildableReference>
         </BuildActionEntry>
         <BuildActionEntry
            buildForTesting = "YES"
            buildForRunning = "YES"
            buildForProfiling = "YES"
            buildForArchiving = "YES"
            buildForAnalyzing = "YES">
            <BuildableReference
               BuildableIdentifier = "primary"
               BlueprintIdentifier = "6321A7B7203B71E200A0764F"
               BuildableName = "libdirectlighting.dylib"
               BlueprintName = "directlighting"
               ReferencedContainer = "container:../directlighting/directlighting.xcodeproj">
            </BuildableReference>
         </BuildActionEntry>
         <BuildActionEntry
            buildForTesting = "YES"
            buildForRunning = "YES"
            buildForProfiling = "YES"
            buildForArchiving = "YES"
            buildForAnalyzing = "YES">
            <BuildableReference
               BuildableIdentifier = "primary"
               BlueprintIdentifier = "6321A7B7203B71E200A0764F"
               BuildableName = "libdisk.dylib"
               BlueprintName = "disk"
               ReferencedContainer = "container:../disk/disk.xcodeproj">
            </BuildableReference>
         </BuildActionEntry>
         <BuildActionEntry
            buildForTesting = "YES"
            buildForRunning = "YES"
            buildForProfiling = "YES"
            buildForArchiving = "YES"
            buildForAnalyzing = "YES">
            <BuildableReference
               BuildableIdentifier = "primary"
               BlueprintIdentifier = "6321A7B7203B71E200A0764F"
               BuildableName = "libdistant.dylib"
               BlueprintName = "distant"
               ReferencedContainer = "container:../distant/distant.xcodeproj">
            </BuildableReference>
         </BuildActionEntry>
         <BuildActionEntry
            buildForTesting = "YES"
            buildForRunning = "YES"
            buildForProfiling = "YES"
            buildForArchiving = "YES"
            buildForAnalyzing = "YES">
            <BuildableReference
               BuildableIdentifier = "primary"
               BlueprintIdentifier = "6321A7B7203B71E200A0764F"
               BuildableName = "libdots.dylib"
               BlueprintName = "dots"
               ReferencedContainer = "container:../dots/dots.xcodeproj">
            </BuildableReference>
         </BuildActionEntry>
         <BuildActionEntry
            buildForTesting = "YES"
            buildForRunning = "YES"
            buildForProfiling = "YES"
            buildForArchiving = "YES"
            buildForAnalyzing = "YES">
            <BuildableReference
               BuildableIdentifier = "primary"
               BlueprintIdentifier = "6321A7B7203B71E200A0764F"
               BuildableName = "libemission.dylib"
               BlueprintName = "emission"
               ReferencedContainer = "container:../emission/emission.xcodeproj">
            </BuildableReference>
         </BuildActionEntry>
         <BuildActionEntry
            buildForTesting = "YES"
            buildForRunning = "YES"
            buildForProfiling = "YES"
            buildForArchiving = "YES"
            buildForAnalyzing = "YES">
            <BuildableReference
               BuildableIdentifier = "primary"
               BlueprintIdentifier = "6321A7B7203B71E200A0764F"
               BuildableName = "libenvironment.dylib"
               BlueprintName = "environment"
               ReferencedContainer = "container:../environment/environment.xcodeproj">
            </BuildableReference>
         </BuildActionEntry>
         <BuildActionEntry
            buildForTesting = "YES"
            buildForRunning = "YES"
            buildForProfiling = "YES"
            buildForArchiving = "YES"
            buildForAnalyzing = "YES">
            <BuildableReference
               BuildableIdentifier = "primary"
               BlueprintIdentifier = "6321A7B7203B71E200A0764F"
               BuildableName = "libexphotonmap.dylib"
               BlueprintName = "exphotonmap"
               ReferencedContainer = "container:../exphotonmap/exphotonmap.xcodeproj">
            </BuildableReference>
         </BuildActionEntry>
         <BuildActionEntry
            buildForTesting = "YES"
            buildForRunning = "YES"
            buildForProfiling = "YES"
            buildForArchiving = "YES"
            buildForAnalyzing = "YES">
            <BuildableReference
               BuildableIdentifier = "primary"
               BlueprintIdentifier = "6321A7B7203B71E200A0764F"
               BuildableName = "libexponential.dylib"
               BlueprintName = "exponential"
               ReferencedContainer = "container:../exponential/exponential.xcodeproj">
            </BuildableReference>
         </BuildActionEntry>
         <BuildActionEntry
            buildForTesting = "YES"
            buildForRunning = "YES"
            buildForProfiling = "YES"
            buildForArchiving = "YES"
            buildForAnalyzing = "YES">
            <BuildableReference
               BuildableIdentifier = "primary"
               BlueprintIdentifier = "6321A7B7203B71E200A0764F"
               BuildableName = "libfbm.dylib"
               BlueprintName = "fbm"
               ReferencedContainer = "container:../fbm/fbm.xcodeproj">
            </BuildableReference>
         </BuildActionEntry>
         <BuildActionEntry
            buildForTesting = "YES"
            buildForRunning = "YES"
            buildForProfiling = "YES"
            buildForArchiving = "YES"
            buildForAnalyzing = "YES">
            <BuildableReference
               BuildableIdentifier = "primary"
               BlueprintIdentifier = "6321A7B7203B71E200A0764F"
               BuildableName = "libfelt.dylib"
               BlueprintName = "felt"
               ReferencedContainer = "container:../felt/felt.xcodeproj">
            </BuildableReference>
         </BuildActionEntry>
         <BuildActionEntry
            buildForTesting = "YES"
            buildForRunning = "YES"
            buildForProfiling = "YES"
            buildForArchiving = "YES"
            buildForAnalyzing = "YES">
            <BuildableReference
               BuildableIdentifier = "primary"
               BlueprintIdentifier = "6321A7B7203B71E200A0764F"
               BuildableName = "libgaussian.dylib"
               BlueprintName = "gaussian"
               ReferencedContainer = "container:../gaussian/gaussian.xcodeproj">
            </BuildableReference>
         </BuildActionEntry>
         <BuildActionEntry
            buildForTesting = "YES"
            buildForRunning = "YES"
            buildForProfiling = "YES"
            buildForArchiving = "YES"
            buildForAnalyzing = "YES">
            <BuildableReference
               BuildableIdentifier = "primary"
               BlueprintIdentifier = "6321A7B7203B71E200A0764F"
               BuildableName = "libglass.dylib"
               BlueprintName = "glass"
               ReferencedContainer = "container:../glass/glass.xcodeproj">
            </BuildableReference>
         </BuildActionEntry>
         <BuildActionEntry
            buildForTesting = "YES"
            buildForRunning = "YES"
            buildForProfiling = "YES"
            buildForArchiving = "YES"
            buildForAnalyzing = "YES">
            <BuildableReference
               BuildableIdentifier = "primary"
               BlueprintIdentifier = "6321A7B7203B71E200A0764F"
               BuildableName = "libgoniometric.dylib"
               BlueprintName = "goniometric"
               ReferencedContainer = "container:../goniometric/goniometric.xcodeproj">
            </BuildableReference>
         </BuildActionEntry>
         <BuildActionEntry
            buildForTesting = "YES"
            buildForRunning = "YES"
            buildForProfiling = "YES"
            buildForArchiving = "YES"
            buildForAnalyzing = "YES">
            <BuildableReference
               BuildableIdentifier = "primary"
               BlueprintIdentifier = "6321A7B7203B71E200A0764F"
               BuildableName = "libgrid.dylib"
               BlueprintName = "grid"
               ReferencedContainer = "container:../grid/grid.xcodeproj">
            </BuildableReference>
         </BuildActionEntry>
         <BuildActionEntry
            buildForTesting = "YES"
            buildForRunning = "YES"
            buildForProfiling = "YES"
            buildForArchiving = "YES"
            buildForAnalyzing = "YES">
            <BuildableReference
               BuildableIdentifier = "primary"
               BlueprintIdentifier = "6321A7B7203B71E200A0764F"
               BuildableName = "libheightfield.dylib"
               BlueprintName = "heightfield"
               ReferencedContainer = "container:../heightfield/heightfield.xcodeproj">
            </BuildableReference>
         </BuildActionEntry>
         <BuildActionEntry
            buildForTesting = "YES"
            buildForRunning = "YES"
            buildForProfiling = "YES"
            buildForArchiving = "YES"
            buildForAnalyzing = "YES">
            <BuildableReference
               BuildableIdentifier = "primary"
               BlueprintIdentifier = "6321A7B7203B71E200A0764F"
               BuildableName = "libhighcontrast.dylib"
               BlueprintName = "highcontrast"
               ReferencedContainer = "container:../highcontrast/highcontrast.xcodeproj">
            </BuildableReference>
         </BuildActionEntry>
         <BuildActionEntry
            buildForTesting = "YES"
            buildForRunning = "YES"
            buildForProfiling = "YES"
            buildForArchiving = "YES"
            buildForAnalyzing = "YES">
            <BuildableReference
               BuildableIdentifier = "primary"
               BlueprintIdentifier = "6321A7B7203B71E200A0764F"
               BuildableName = "libhomogeneous.dylib"
               BlueprintName = "homogeneous"
               ReferencedContainer = "container:../homogeneous/homogeneous.xcodeproj">
            </BuildableReference>
         </BuildActionEntry>
         <BuildActionEntry
            buildForTesting = "YES"
            buildForRunning = "YES"
            buildForProfiling = "YES"
            buildForArchiving = "YES"
            buildForAnalyzing = "YES">
            <BuildableReference
               BuildableIdentifier = "primary"
               BlueprintIdentifier = "6321A7B7203B71E200A0764F"
               BuildableName = "libhyperboloid.dylib"
               BlueprintName = "hyperboloid"
               ReferencedContainer = "container:../hyperboloid/hyperboloid.xcodeproj">
            </BuildableReference>
         </BuildActionEntry>
         <BuildActionEntry
            buildForTesting = "YES"
            buildForRunning = "YES"
            buildForProfiling = "YES"
            buildForArchiving = "YES"
            buildForAnalyzing = "YES">
            <BuildableReference
               BuildableIdentifier = "primary"
               BlueprintIdentifier = "6321A7B7203B71E200A0764F"
               BuildableName = "libigi.dylib"
               BlueprintName = "igi"
               ReferencedContainer = "container:../igi/igi.xcodeproj">
            </BuildableReference>
         </BuildActionEntry>
         <BuildActionEntry
            buildForTesting = "YES"
            buildForRunning = "YES"
            buildForProfiling = "YES"
            buildForArchiving = "YES"
            buildForAnalyzing = "YES">
            <BuildableReference
               BuildableIdentifier = "primary"
               BlueprintIdentifier = "6321A7B7203B71E200A0764F"
               BuildableName = "libimage.dylib"
               BlueprintName = "image"
               ReferencedContainer = "container:../image/image.xcodeproj">
            </BuildableReference>
         </BuildActionEntry>
         <BuildActionEntry
            buildForTesting = "YES"
            buildForRunning = "YES"
            buildForProfiling = "YES"
            buildForArchiving = "YES"
            buildForAnalyzing = "YES">
            <BuildableReference
               BuildableIdentifier = "primary"
               BlueprintIdentifier = "6321A7B7203B71E200A0764F"
               BuildableName = "libimagemap.dylib"
               BlueprintName = "imagemap"
               ReferencedContainer = "container:../imagemap/imagemap.xcodeproj">
            </BuildableReference>
         </BuildActionEntry>
         <BuildActionEntry
            buildForTesting = "YES"
            buildForRunning = "YES"
            buildForProfiling = "YES"
            buildForArchiving = "YES"
            buildForAnalyzing = "YES">
            <BuildableReference
               BuildableIdentifier = "primary"
               BlueprintIdentifier = "6321A7B7203B71E200A0764F"
               BuildableName = "libinfinite.dylib"
               BlueprintName = "infinite"
               ReferencedContainer = "container:../infinite/infinite.xcodeproj">
            </BuildableReference>
         </BuildActionEntry>
         <BuildActionEntry
            buildForTesting = "YES"
            buildForRunning = "YES"
            buildForProfiling = "YES"
            buildForArchiving = "YES"
            buildForAnalyzing = "YES">
            <BuildableReference
               BuildableIdentifier = "primary"
               BlueprintIdentifier = "6321A7B7203B71E200A0764F"
               BuildableName = "libinfinitesample.dylib"
               BlueprintName = "infinitesample"
               ReferencedContainer = "container:../infinitesample/infinitesample.xcodeproj">
            </BuildableReference>
         </BuildActionEntry>
         <BuildActionEntry
            buildForTesting = "YES"
            buildForRunning = "YES"
            buildForProfiling = "YES"
            buildForArchiving = "YES"
            buildForAnalyzing = "YES">
            <BuildableReference
               BuildableIdentifier = "primary"
               BlueprintIdentifier = "6321A7B7203B71E200A0764F"
               BuildableName = "libirradiancecache.dylib"
               BlueprintName = "irradiancecache"
               ReferencedContainer = "container:../irradiancecache/irradiancecache.xcodeproj">
            </BuildableReference>
         </BuildActionEntry>
         <BuildActionEntry
            buildForTesting = "YES"
            buildForRunning = "YES"
            buildForProfiling = "YES"
            buildForArchiving = "YES"
            buildForAnalyzing = "YES">
            <BuildableReference
               BuildableIdentifier = "primary"
               BlueprintIdentifier = "6321A7B7203B71E200A0764F"
               BuildableName = "libkdtree.dylib"
               BlueprintName = "kdtree"
               ReferencedContainer = "container:../kdtree/kdtree.xcodeproj">
            </BuildableReference>
         </BuildActionEntry>
         <BuildActionEntry
            buildForTesting = "YES"
            buildForRunning = "YES"
            buildForProfiling = "YES"
            buildForArchiving = "YES"
            buildForAnalyzing = "YES">
            <BuildableReference
               BuildableIdentifier = "primary"
               BlueprintIdentifier = "6321A7B7203B71E200A0764F"
               BuildableName = "libloopsubdiv.dylib"
               BlueprintName = "loopsubdiv"
               ReferencedContainer = "container:../loopsubdiv/loopsubdiv.xcodeproj">
            </BuildableReference>
         </BuildActionEntry>
         <BuildActionEntry
            buildForTesting = "YES"
            buildForRunning = "YES"
            buildForProfiling = "YES"
            buildForArchiving = "YES"
            buildForAnalyzing = "YES">
            <BuildableReference
               BuildableIdentifier = "primary"
               BlueprintIdentifier = "6321A7B7203B71E200A0764F"
               BuildableName = "liblowdiscrepancy.dylib"
               BlueprintName = "lowdiscrepancy"
               ReferencedContainer = "container:../lowdiscrepancy/lowdiscrepancy.xcodeproj">
            </BuildableReference>
         </BuildActionEntry>
         <BuildActionEntry
            buildForTesting = "YES"
            buildForRunning = "YES"
            buildForProfiling = "YES"
            buildForArchiving = "YES"
            buildForAnalyzing = "YES">
            <BuildableReference
               BuildableIdentifier = "primary"
               BlueprintIdentifier = "6321A7B7203B71E200A0764F"
               BuildableName = "libmarble.dylib"
               BlueprintName = "marble"
               ReferencedContainer = "container:../marble/marble.xcodeproj">
            </BuildableReference>
         </BuildActionEntry>
         <BuildActionEntry
            buildForTesting = "YES"
            buildForRunning = "YES"
            buildForProfiling = "YES"
            buildForArchiving = "YES"
            buildForAnalyzing = "YES">
            <BuildableReference
               BuildableIdentifier = "primary"
               BlueprintIdentifier = "6321A7B7203B71E200A0764F"
               BuildableName = "libmatte.dylib"
               BlueprintName = "matte"
               ReferencedContainer = "container:../matte/matte.xcodeproj">
            </BuildableReference>
         </BuildActionEntry>
         <BuildActionEntry
            buildForTesting = "YES"
            buildForRunning = "YES"
            buildForProfiling = "YES"
            buildForArchiving = "YES"
            buildForAnalyzing = "YES">
            <BuildableReference
               BuildableIdentifier = "primary"
               BlueprintIdentifier = "6321A7B7203B71E200A0764F"
               BuildableName = "libmaxwhite.dylib"
               BlueprintName = "maxwhite"
               ReferencedContainer = "container:../maxwhite/maxwhite.xcodeproj">
            </BuildableReference>
         </BuildActionEntry>
         <BuildActionEntry
            buildForTesting = "YES"
            buildForRunning = "YES"
            buildForProfiling = "YES"
            buildForArchiving = "YES"
            buildForAnalyzing = "YES">
            <BuildableReference
               BuildableIdentifier = "primary"
               BlueprintIdentifier = "6321A7B7203B71E200A0764F"
               BuildableName = "libmirror.dylib"
               BlueprintName = "mirror"
               ReferencedContainer = "container:../mirror/mirror.xcodeproj">
            </BuildableReference>
         </BuildActionEntry>
         <BuildActionEntry
            buildForTesting = "YES"
            buildForRunning = "YES"
            buildForProfiling = "YES"
            buildForArchiving = "YES"
            buildForAnalyzing = "YES">
            <BuildableReference
               BuildableIdentifier = "primary"
               BlueprintIdentifier = "6321A7B7203B71E200A0764F"
               BuildableName = "libmitchell.dylib"
               BlueprintName = "mitchell"
               ReferencedContainer = "container:../mitchell/mitchell.xcodeproj">
            </BuildableReference>
         </BuildActionEntry>
         <BuildActionEntry
            buildForTesting = "YES"
            buildForRunning = "YES"
            buildForProfiling = "YES"
            buildForArchiving = "YES"
            buildForAnalyzing = "YES">
            <BuildableReference
               BuildableIdentifier = "primary"
               BlueprintIdentifier = "6321A7B7203B71E200A0764F"
               BuildableName = "libmix.dylib"
               BlueprintName = "mix"
               ReferencedContainer = "container:../mix/mix.xcodeproj">
            </BuildableReference>
         </BuildActionEntry>
         <BuildActionEntry
            buildForTesting = "YES"
            buildForRunning = "YES"
            buildForProfiling = "YES"
            buildForArchiving = "YES"
            buildForAnalyzing = "YES">
            <BuildableReference
               BuildableIdentifier = "primary"
               BlueprintIdentifier = "6321A7B7203B71E200A0764F"
               BuildableName = "libnonlinear.dylib"
               BlueprintName = "nonlinear"
               ReferencedContainer = "container:../nonlinear/nonlinear.xcodeproj">
            </BuildableReference>
         </BuildActionEntry>
         <BuildActionEntry
            buildForTesting = "YES"
            buildForRunning = "YES"
            buildForProfiling = "YES"
            buildForArchiving = "YES"
            buildForAnalyzing = "YES">
            <BuildableReference
               BuildableIdentifier = "primary"
               BlueprintIdentifier = "6321A7B7203B71E200A0764F"
               BuildableName = "libnurbs.dylib"
               BlueprintName = "nurbs"
               ReferencedContainer = "container:../nurbs/nurbs.xcodeproj">
            </BuildableReference>
         </BuildActionEntry>
         <BuildActionEntry
            buildForTesting = "YES"
            buildForRunning = "YES"
            buildForProfiling = "YES"
            buildForArchiving = "YES"
            buildForAnalyzing = "YES">
            <BuildableReference
               BuildableIdentifier = "primary"
               BlueprintIdentifier = "6321A7B7203B71E200A0764F"
               BuildableName = "liborthographic.dylib"
               BlueprintName = "orthographic"
               ReferencedContainer = "container:../ortographic/ortographic.xcodeproj">
            </BuildableReference>
         </BuildActionEntry>
         <BuildActionEntry
            buildForTesting = "YES"
            buildForRunning = "YES"
            buildForProfiling = "YES"
            buildForArchiving = "YES"
            buildForAnalyzing = "YES">
            <BuildableReference
               BuildableIdentifier = "primary"
               BlueprintIdentifier = "6321A7B7203B71E200A0764F"
               BuildableName = "libparaboloid.dylib"
               BlueprintName = "paraboloid"
               ReferencedContainer = "container:../paraboloid/paraboloid.xcodeproj">
            </BuildableReference>
         </BuildActionEntry>
         <BuildActionEntry
            buildForTesting = "YES"
            buildForRunning = "YES"
            buildForProfiling = "YES"
            buildForArchiving = "YES"
            buildForAnalyzing = "YES">
            <BuildableReference
               BuildableIdentifier = "primary"
               BlueprintIdentifier = "6321A7B7203B71E200A0764F"
               BuildableName = "libpath.dylib"
               BlueprintName = "path"
               ReferencedContainer = "container:../path/path.xcodeproj">
            </BuildableReference>
         </BuildActionEntry>
         <BuildActionEntry
            buildForTesting = "YES"
            buildForRunning = "YES"
            buildForProfiling = "YES"
            buildForArchiving = "YES"
            buildForAnalyzing = "YES">
            <BuildableReference
               BuildableIdentifier = "primary"
               BlueprintIdentifier = "6321A7B7203B71E200A0764F"
               BuildableName = "libperspective.dylib"
               BlueprintName = "perspective"
               ReferencedContainer = "container:../perspective/perspective.xcodeproj">
            </BuildableReference>
         </BuildActionEntry>
         <BuildActionEntry
            buildForTesting = "YES"
            buildForRunning = "YES"
            buildForProfiling = "YES"
            buildForArchiving = "YES"
            buildForAnalyzing = "YES">
            <BuildableReference
               BuildableIdentifier = "primary"
               BlueprintIdentifier = "6321A7B7203B71E200A0764F"
               BuildableName = "libphotonmap.dylib"
               BlueprintName = "photonmap"
               ReferencedContainer = "container:../photonmap/photonmap.xcodeproj">
            </BuildableReference>
         </BuildActionEntry>
         <BuildActionEntry
            buildForTesting = "YES"
            buildForRunning = "YES"
            buildForProfiling = "YES"
            buildForArchiving = "YES"
            buildForAnalyzing = "YES">
            <BuildableReference
               BuildableIdentifier = "primary"
               BlueprintIdentifier = "6321A7B7203B71E200A0764F"
               BuildableName = "libplastic.dylib"
               BlueprintName = "plastic"
               ReferencedContainer = "container:../plastic/plastic.xcodeproj">
            </BuildableReference>
         </BuildActionEntry>
         <BuildActionEntry
            buildForTesting = "YES"
            buildForRunning = "YES"
            buildForProfiling = "YES"
            buildForArchiving = "YES"
            buildForAnalyzing = "YES">
            <BuildableReference
               BuildableIdentifier = "primary"
               BlueprintIdentifier = "6321A7B7203B71E200A0764F"
               BuildableName = "libpoint.dylib"
               BlueprintName = "point"
               ReferencedContainer = "container:../point/point.xcodeproj">
            </BuildableReference>
         </BuildActionEntry>
         <BuildActionEntry
            buildForTesting = "YES"
            buildForRunning = "YES"
            buildForProfiling = "YES"
            buildForArchiving = "YES"
            buildForAnalyzing = "YES">
            <BuildableReference
               BuildableIdentifier = "primary"
               BlueprintIdentifier = "6321A7B7203B71E200A0764F"
               BuildableName = "libprimer.dylib"
               BlueprintName = "primer"
               ReferencedContainer = "container:../primer/primer.xcodeproj">
            </BuildableReference>
         </BuildActionEntry>
         <BuildActionEntry
            buildForTesting = "YES"
            buildForRunning = "YES"
            buildForProfiling = "YES"
            buildForArchiving = "YES"
            buildForAnalyzing = "YES">
            <BuildableReference
               BuildableIdentifier = "primary"
               BlueprintIdentifier = "6321A7B7203B71E200A0764F"
               BuildableName = "libprojection.dylib"
               BlueprintName = "projection"
               ReferencedContainer = "container:../projection/projection.xcodeproj">
            </BuildableReference>
         </BuildActionEntry>
         <BuildActionEntry
            buildForTesting = "YES"
            buildForRunning = "YES"
            buildForProfiling = "YES"
            buildForArchiving = "YES"
            buildForAnalyzing = "YES">
            <BuildableReference
               BuildableIdentifier = "primary"
               BlueprintIdentifier = "6321A7B7203B71E200A0764F"
               BuildableName = "librandom.dylib"
               BlueprintName = "random"
               ReferencedContainer = "container:../random/random.xcodeproj">
            </BuildableReference>
         </BuildActionEntry>
         <BuildActionEntry
            buildForTesting = "YES"
            buildForRunning = "YES"
            buildForProfiling = "YES"
            buildForArchiving = "YES"
            buildForAnalyzing = "YES">
            <BuildableReference
               BuildableIdentifier = "primary"
               BlueprintIdentifier = "6321A31E203B61E000A0764F"
               BuildableName = "renderer"
               BlueprintName = "renderer"
               ReferencedContainer = "container:../renderer/renderer.xcodeproj">
            </BuildableReference>
         </BuildActionEntry>
         <BuildActionEntry
            buildForTesting = "YES"
            buildForRunning = "YES"
            buildForProfiling = "YES"
            buildForArchiving = "YES"
            buildForAnalyzing = "YES">
            <BuildableReference
               BuildableIdentifier = "primary"
               BlueprintIdentifier = "6321A7B7203B71E200A0764F"
               BuildableName = "libscale.dylib"
               BlueprintName = "scale"
               ReferencedContainer = "container:../scale/scale.xcodeproj">
            </BuildableReference>
         </BuildActionEntry>
         <BuildActionEntry
            buildForTesting = "YES"
            buildForRunning = "YES"
            buildForProfiling = "YES"
            buildForArchiving = "YES"
            buildForAnalyzing = "YES">
            <BuildableReference
               BuildableIdentifier = "primary"
               BlueprintIdentifier = "6321A7B7203B71E200A0764F"
               BuildableName = "libshinymetal.dylib"
               BlueprintName = "shinymetal"
               ReferencedContainer = "container:../shinymetal/shinymetal.xcodeproj">
            </BuildableReference>
         </BuildActionEntry>
         <BuildActionEntry
            buildForTesting = "YES"
            buildForRunning = "YES"
            buildForProfiling = "YES"
            buildForArchiving = "YES"
            buildForAnalyzing = "YES">
            <BuildableReference
               BuildableIdentifier = "primary"
               BlueprintIdentifier = "6321A7B7203B71E200A0764F"
               BuildableName = "libsinc.dylib"
               BlueprintName = "sinc"
               ReferencedContainer = "container:../sinc/sinc.xcodeproj">
            </BuildableReference>
         </BuildActionEntry>
         <BuildActionEntry
            buildForTesting = "YES"
            buildForRunning = "YES"
            buildForProfiling = "YES"
            buildForArchiving = "YES"
            buildForAnalyzing = "YES">
            <BuildableReference
               BuildableIdentifier = "primary"
               BlueprintIdentifier = "6321A7B7203B71E200A0764F"
               BuildableName = "libsingle.dylib"
               BlueprintName = "single"
               ReferencedContainer = "container:../single/single.xcodeproj">
            </BuildableReference>
         </BuildActionEntry>
         <BuildActionEntry
            buildForTesting = "YES"
            buildForRunning = "YES"
            buildForProfiling = "YES"
            buildForArchiving = "YES"
            buildForAnalyzing = "YES">
            <BuildableReference
               BuildableIdentifier = "primary"
               BlueprintIdentifier = "6321A7B7203B71E200A0764F"
               BuildableName = "libskin.dylib"
               BlueprintName = "skin"
               ReferencedContainer = "container:../skin/skin.xcodeproj">
            </BuildableReference>
         </BuildActionEntry>
         <BuildActionEntry
            buildForTesting = "YES"
            buildForRunning = "YES"
            buildForProfiling = "YES"
            buildForArchiving = "YES"
            buildForAnalyzing = "YES">
            <BuildableReference
               BuildableIdentifier = "primary"
               BlueprintIdentifier = "6321A7B7203B71E200A0764F"
               BuildableName = "libsphere.dylib"
               BlueprintName = "sphere"
               ReferencedContainer = "container:../sphere/sphere.xcodeproj">
            </BuildableReference>
         </BuildActionEntry>
         <BuildActionEntry
            buildForTesting = "YES"
            buildForRunning = "YES"
            buildForProfiling = "YES"
            buildForArchiving = "YES"
            buildForAnalyzing = "YES">
            <BuildableReference
               BuildableIdentifier = "primary"
               BlueprintIdentifier = "6321A7B7203B71E200A0764F"
               BuildableName = "libspot.dylib"
               BlueprintName = "spot"
               ReferencedContainer = "container:../spot/spot.xcodeproj">
            </BuildableReference>
         </BuildActionEntry>
         <BuildActionEntry
            buildForTesting = "YES"
            buildForRunning = "YES"
            buildForProfiling = "YES"
            buildForArchiving = "YES"
            buildForAnalyzing = "YES">
            <BuildableReference
               BuildableIdentifier = "primary"
               BlueprintIdentifier = "6321A7B7203B71E200A0764F"
               BuildableName = "libstratified.dylib"
               BlueprintName = "stratified"
               ReferencedContainer = "container:../stratified/stratified.xcodeproj">
            </BuildableReference>
         </BuildActionEntry>
         <BuildActionEntry
            buildForTesting = "YES"
            buildForRunning = "YES"
            buildForProfiling = "YES"
            buildForArchiving = "YES"
            buildForAnalyzing = "YES">
            <BuildableReference
               BuildableIdentifier = "primary"
               BlueprintIdentifier = "6321A7B7203B71E200A0764F"
               BuildableName = "libsubstrate.dylib"
               BlueprintName = "substrate"
               ReferencedContainer = "container:../substrate/substrate.xcodeproj">
            </BuildableReference>
         </BuildActionEntry>
         <BuildActionEntry
            buildForTesting = "YES"
            buildForRunning = "YES"
            buildForProfiling = "YES"
            buildForArchiving = "YES"
            buildForAnalyzing = "YES">
            <BuildableReference
               BuildableIdentifier = "primary"
               BlueprintIdentifier = "6321A7B7203B71E200A0764F"
               BuildableName = "libtranslucent.dylib"
               BlueprintName = "translucent"
               ReferencedContainer = "container:../translucent/translucent.xcodeproj">
            </BuildableReference>
         </BuildActionEntry>
         <BuildActionEntry
            buildForTesting = "YES"
            buildForRunning = "YES"
            buildForProfiling = "YES"
            buildForArchiving = "YES"
            buildForAnalyzing = "YES">
            <BuildableReference
               BuildableIdentifier = "primary"
               BlueprintIdentifier = "6321A7B7203B71E200A0764F"
               BuildableName = "libtriangle.dylib"
               BlueprintName = "triangle"
               ReferencedContainer = "container:../triangle/triangle.xcodeproj">
            </BuildableReference>
         </BuildActionEntry>
         <BuildActionEntry
            buildForTesting = "YES"
            buildForRunning = "YES"
            buildForProfiling = "YES"
            buildForArchiving = "YES"
            buildForAnalyzing = "YES">
            <BuildableReference
               BuildableIdentifier = "primary"
               BlueprintIdentifier = "6321A7B7203B71E200A0764F"
               BuildableName = "libtrianglemesh.dylib"
               BlueprintName = "trianglemesh"
               ReferencedContainer = "container:../trianglemesh/trianglemesh.xcodeproj">
            </BuildableReference>
         </BuildActionEntry>
         <BuildActionEntry
            buildForTesting = "YES"
            buildForRunning = "YES"
            buildForProfiling = "YES"
            buildForArchiving = "YES"
            buildForAnalyzing = "YES">
            <BuildableReference
               BuildableIdentifier = "primary"
               BlueprintIdentifier = "6321A7B7203B71E200A0764F"
               BuildableName = "libuber.dylib"
               BlueprintName = "uber"
               ReferencedContainer = "container:../uber/uber.xcodeproj">
            </BuildableReference>
         </BuildActionEntry>
         <BuildActionEntry
            buildForTesting = "YES"
            buildForRunning = "YES"
            buildForProfiling = "YES"
            buildForArchiving = "YES"
            buildForAnalyzing = "YES">
            <BuildableReference
               BuildableIdentifier = "primary"
               BlueprintIdentifier = "6321A7B7203B71E200A0764F"
               BuildableName = "libuv.dylib"
               BlueprintName = "uv"
               ReferencedContainer = "container:../uv/uv.xcodeproj">
            </BuildableReference>
         </BuildActionEntry>
         <BuildActionEntry
            buildForTesting = "YES"
            buildForRunning = "YES"
            buildForProfiling = "YES"
            buildForArchiving = "YES"
            buildForAnalyzing = "YES">
            <BuildableReference
               BuildableIdentifier = "primary"
               BlueprintIdentifier = "6321A7B7203B71E200A0764F"
               BuildableName = "libvolumegrid.dylib"
               BlueprintName = "volumegrid"
               ReferencedContainer = "container:../volumegrid/volumegrid.xcodeproj">
            </BuildableReference>
         </BuildActionEntry>
         <BuildActionEntry
            buildForTesting = "YES"
            buildForRunning = "YES"
            buildForProfiling = "YES"
            buildForArchiving = "YES"
            buildForAnalyzing = "YES">
            <BuildableReference
               BuildableIdentifier = "primary"
               BlueprintIdentifier = "6321A7B7203B71E200A0764F"
               BuildableName = "libwhitted.dylib"
               BlueprintName = "whitted"
               ReferencedContainer = "container:../whitted/whitted.xcodeproj">
            </BuildableReference>
         </BuildActionEntry>
         <BuildActionEntry
            buildForTesting = "YES"
            buildForRunning = "YES"
            buildForProfiling = "YES"
            buildForArchiving = "YES"
            buildForAnalyzing = "YES">
            <BuildableReference
               BuildableIdentifier = "primary"
               BlueprintIdentifier = "6321A7B7203B71E200A0764F"
               BuildableName = "libwindy.dylib"
               BlueprintName = "windy"
               ReferencedContainer = "container:../windy/windy.xcodeproj">
            </BuildableReference>
         </BuildActionEntry>
         <BuildActionEntry
            buildForTesting = "YES"
            buildForRunning = "YES"
            buildForProfiling = "YES"
            buildForArchiving = "YES"
            buildForAnalyzing = "YES">
            <BuildableReference
               BuildableIdentifier = "primary"
               BlueprintIdentifier = "6321A7B7203B71E200A0764F"
               BuildableName = "libwrinkled.dylib"
               BlueprintName = "wrinkled"
               ReferencedContainer = "container:../wrinkled/wrinkled.xcodeproj">
            </BuildableReference>
         </BuildActionEntry>
      </BuildActionEntries>
   </BuildAction>
   <TestAction
      buildConfiguration = "Debug"
      selectedDebuggerIdentifier = "Xcode.DebuggerFoundation.Debugger.LLDB"
      selectedLauncherIdentifier = "Xcode.DebuggerFoundation.Launcher.LLDB"
      shouldUseLaunchSchemeArgsEnv = "YES">
      <Testables>
      </Testables>
      <MacroExpansion>
         <BuildableReference
            BuildableIdentifier = "primary"
            BlueprintIdentifier = "63E5E428203B2F0800C4F8B6"
            BuildableName = "libcore.a"
            BlueprintName = "core"
            ReferencedContainer = "container:core.xcodeproj">
         </BuildableReference>
      </MacroExpansion>
      <AdditionalOptions>
      </AdditionalOptions>
   </TestAction>
   <LaunchAction
      buildConfiguration = "Debug"
      selectedDebuggerIdentifier = "Xcode.DebuggerFoundation.Debugger.LLDB"
      selectedLauncherIdentifier = "Xcode.DebuggerFoundation.Launcher.LLDB"
      launchStyle = "0"
      useCustomWorkingDirectory = "NO"
      ignoresPersistentStateOnLaunch = "NO"
      debugDocumentVersioning = "YES"
      debugServiceExtension = "internal"
      allowLocationSimulation = "YES">
      <MacroExpansion>
         <BuildableReference
            BuildableIdentifier = "primary"
            BlueprintIdentifier = "63E5E428203B2F0800C4F8B6"
            BuildableName = "libcore.a"
            BlueprintName = "core"
            ReferencedContainer = "container:core.xcodeproj">
         </BuildableReference>
      </MacroExpansion>
      <AdditionalOptions>
      </AdditionalOptions>
   </LaunchAction>
   <ProfileAction
      buildConfiguration = "Release"
      shouldUseLaunchSchemeArgsEnv = "YES"
      savedToolIdentifier = ""
      useCustomWorkingDirectory = "NO"
      debugDocumentVersioning = "YES">
      <MacroExpansion>
         <BuildableReference
            BuildableIdentifier = "primary"
            BlueprintIdentifier = "63E5E428203B2F0800C4F8B6"
            BuildableName = "libcore.a"
            BlueprintName = "core"
            ReferencedContainer = "container:core.xcodeproj">
         </BuildableReference>
      </MacroExpansion>
   </ProfileAction>
   <AnalyzeAction
      buildConfiguration = "Debug">
   </AnalyzeAction>
   <ArchiveAction
      buildConfiguration = "Release"
      revealArchiveInOrganizer = "YES">
   </ArchiveAction>
</Scheme>
